// !$*UTF8*$!
{
	archiveVersion = 1;
	classes = {
	};
	objectVersion = 56;
	objects = {

/* Begin PBXBuildFile section */
		470688D22A0412FF003677BA /* ExpenseTrackerApp.swift in Sources */ = {isa = PBXBuildFile; fileRef = 470688D12A0412FF003677BA /* ExpenseTrackerApp.swift */; };
		470688D42A0412FF003677BA /* ContentView.swift in Sources */ = {isa = PBXBuildFile; fileRef = 470688D32A0412FF003677BA /* ContentView.swift */; };
		470688D62A041302003677BA /* Assets.xcassets in Resources */ = {isa = PBXBuildFile; fileRef = 470688D52A041302003677BA /* Assets.xcassets */; };
		470688D92A041302003677BA /* Preview Assets.xcassets in Resources */ = {isa = PBXBuildFile; fileRef = 470688D82A041302003677BA /* Preview Assets.xcassets */; };
		470688E32A041302003677BA /* ExpenseTrackerTests.swift in Sources */ = {isa = PBXBuildFile; fileRef = 470688E22A041302003677BA /* ExpenseTrackerTests.swift */; };
		470688ED2A041302003677BA /* ExpenseTrackerUITests.swift in Sources */ = {isa = PBXBuildFile; fileRef = 470688EC2A041302003677BA /* ExpenseTrackerUITests.swift */; };
		470688EF2A041302003677BA /* ExpenseTrackerUITestsLaunchTests.swift in Sources */ = {isa = PBXBuildFile; fileRef = 470688EE2A041302003677BA /* ExpenseTrackerUITestsLaunchTests.swift */; };
		470688FC2A041C76003677BA /* Extensions.swift in Sources */ = {isa = PBXBuildFile; fileRef = 470688FB2A041C76003677BA /* Extensions.swift */; };
		473405332A06BADB0063B69C /* TransactionModel.swift in Sources */ = {isa = PBXBuildFile; fileRef = 473405322A06BADB0063B69C /* TransactionModel.swift */; };
		473405352A06BC140063B69C /* PreviewData.swift in Sources */ = {isa = PBXBuildFile; fileRef = 473405342A06BC140063B69C /* PreviewData.swift */; };
		473405372A06BCAF0063B69C /* TransactionRow.swift in Sources */ = {isa = PBXBuildFile; fileRef = 473405362A06BCAF0063B69C /* TransactionRow.swift */; };
		47C190862A0A51E50057D180 /* SwiftUIFontIcon in Frameworks */ = {isa = PBXBuildFile; productRef = 47C190852A0A51E50057D180 /* SwiftUIFontIcon */; };
		47C190882A0A5BA20057D180 /* TransactionListViewModel.swift in Sources */ = {isa = PBXBuildFile; fileRef = 47C190872A0A5BA20057D180 /* TransactionListViewModel.swift */; };
		47C1908A2A0AB2C90057D180 /* RecentTransactionList.swift in Sources */ = {isa = PBXBuildFile; fileRef = 47C190892A0AB2C90057D180 /* RecentTransactionList.swift */; };
/* End PBXBuildFile section */

/* Begin PBXContainerItemProxy section */
		470688DF2A041302003677BA /* PBXContainerItemProxy */ = {
			isa = PBXContainerItemProxy;
			containerPortal = 470688C62A0412FF003677BA /* Project object */;
			proxyType = 1;
			remoteGlobalIDString = 470688CD2A0412FF003677BA;
			remoteInfo = ExpenseTracker;
		};
		470688E92A041302003677BA /* PBXContainerItemProxy */ = {
			isa = PBXContainerItemProxy;
			containerPortal = 470688C62A0412FF003677BA /* Project object */;
			proxyType = 1;
			remoteGlobalIDString = 470688CD2A0412FF003677BA;
			remoteInfo = ExpenseTracker;
		};
/* End PBXContainerItemProxy section */

/* Begin PBXFileReference section */
		470688CE2A0412FF003677BA /* ExpenseTracker.app */ = {isa = PBXFileReference; explicitFileType = wrapper.application; includeInIndex = 0; path = ExpenseTracker.app; sourceTree = BUILT_PRODUCTS_DIR; };
		470688D12A0412FF003677BA /* ExpenseTrackerApp.swift */ = {isa = PBXFileReference; lastKnownFileType = sourcecode.swift; path = ExpenseTrackerApp.swift; sourceTree = "<group>"; };
		470688D32A0412FF003677BA /* ContentView.swift */ = {isa = PBXFileReference; lastKnownFileType = sourcecode.swift; path = ContentView.swift; sourceTree = "<group>"; };
		470688D52A041302003677BA /* Assets.xcassets */ = {isa = PBXFileReference; lastKnownFileType = folder.assetcatalog; path = Assets.xcassets; sourceTree = "<group>"; };
		470688D82A041302003677BA /* Preview Assets.xcassets */ = {isa = PBXFileReference; lastKnownFileType = folder.assetcatalog; path = "Preview Assets.xcassets"; sourceTree = "<group>"; };
		470688DE2A041302003677BA /* ExpenseTrackerTests.xctest */ = {isa = PBXFileReference; explicitFileType = wrapper.cfbundle; includeInIndex = 0; path = ExpenseTrackerTests.xctest; sourceTree = BUILT_PRODUCTS_DIR; };
		470688E22A041302003677BA /* ExpenseTrackerTests.swift */ = {isa = PBXFileReference; lastKnownFileType = sourcecode.swift; path = ExpenseTrackerTests.swift; sourceTree = "<group>"; };
		470688E82A041302003677BA /* ExpenseTrackerUITests.xctest */ = {isa = PBXFileReference; explicitFileType = wrapper.cfbundle; includeInIndex = 0; path = ExpenseTrackerUITests.xctest; sourceTree = BUILT_PRODUCTS_DIR; };
		470688EC2A041302003677BA /* ExpenseTrackerUITests.swift */ = {isa = PBXFileReference; lastKnownFileType = sourcecode.swift; path = ExpenseTrackerUITests.swift; sourceTree = "<group>"; };
		470688EE2A041302003677BA /* ExpenseTrackerUITestsLaunchTests.swift */ = {isa = PBXFileReference; lastKnownFileType = sourcecode.swift; path = ExpenseTrackerUITestsLaunchTests.swift; sourceTree = "<group>"; };
		470688FB2A041C76003677BA /* Extensions.swift */ = {isa = PBXFileReference; lastKnownFileType = sourcecode.swift; path = Extensions.swift; sourceTree = "<group>"; };
		473405322A06BADB0063B69C /* TransactionModel.swift */ = {isa = PBXFileReference; lastKnownFileType = sourcecode.swift; path = TransactionModel.swift; sourceTree = "<group>"; };
		473405342A06BC140063B69C /* PreviewData.swift */ = {isa = PBXFileReference; lastKnownFileType = sourcecode.swift; path = PreviewData.swift; sourceTree = "<group>"; };
		473405362A06BCAF0063B69C /* TransactionRow.swift */ = {isa = PBXFileReference; lastKnownFileType = sourcecode.swift; path = TransactionRow.swift; sourceTree = "<group>"; };
		47C190872A0A5BA20057D180 /* TransactionListViewModel.swift */ = {isa = PBXFileReference; lastKnownFileType = sourcecode.swift; path = TransactionListViewModel.swift; sourceTree = "<group>"; };
		47C190892A0AB2C90057D180 /* RecentTransactionList.swift */ = {isa = PBXFileReference; lastKnownFileType = sourcecode.swift; path = RecentTransactionList.swift; sourceTree = "<group>"; };
/* End PBXFileReference section */

/* Begin PBXFrameworksBuildPhase section */
		470688CB2A0412FF003677BA /* Frameworks */ = {
			isa = PBXFrameworksBuildPhase;
			buildActionMask = 2147483647;
			files = (
				47C190862A0A51E50057D180 /* SwiftUIFontIcon in Frameworks */,
			);
			runOnlyForDeploymentPostprocessing = 0;
		};
		470688DB2A041302003677BA /* Frameworks */ = {
			isa = PBXFrameworksBuildPhase;
			buildActionMask = 2147483647;
			files = (
			);
			runOnlyForDeploymentPostprocessing = 0;
		};
		470688E52A041302003677BA /* Frameworks */ = {
			isa = PBXFrameworksBuildPhase;
			buildActionMask = 2147483647;
			files = (
			);
			runOnlyForDeploymentPostprocessing = 0;
		};
/* End PBXFrameworksBuildPhase section */

/* Begin PBXGroup section */
		470688C52A0412FF003677BA = {
			isa = PBXGroup;
			children = (
				470688D02A0412FF003677BA /* ExpenseTracker */,
				470688E12A041302003677BA /* ExpenseTrackerTests */,
				470688EB2A041302003677BA /* ExpenseTrackerUITests */,
				470688CF2A0412FF003677BA /* Products */,
			);
			sourceTree = "<group>";
		};
		470688CF2A0412FF003677BA /* Products */ = {
			isa = PBXGroup;
			children = (
				470688CE2A0412FF003677BA /* ExpenseTracker.app */,
				470688DE2A041302003677BA /* ExpenseTrackerTests.xctest */,
				470688E82A041302003677BA /* ExpenseTrackerUITests.xctest */,
			);
			name = Products;
			sourceTree = "<group>";
		};
		470688D02A0412FF003677BA /* ExpenseTracker */ = {
			isa = PBXGroup;
			children = (
				470688D12A0412FF003677BA /* ExpenseTrackerApp.swift */,
				470688D32A0412FF003677BA /* ContentView.swift */,
				47C190892A0AB2C90057D180 /* RecentTransactionList.swift */,
				473405362A06BCAF0063B69C /* TransactionRow.swift */,
				47C190872A0A5BA20057D180 /* TransactionListViewModel.swift */,
				473405322A06BADB0063B69C /* TransactionModel.swift */,
				470688FB2A041C76003677BA /* Extensions.swift */,
				470688D52A041302003677BA /* Assets.xcassets */,
				470688D72A041302003677BA /* Preview Content */,
			);
			path = ExpenseTracker;
			sourceTree = "<group>";
		};
		470688D72A041302003677BA /* Preview Content */ = {
			isa = PBXGroup;
			children = (
				470688D82A041302003677BA /* Preview Assets.xcassets */,
				473405342A06BC140063B69C /* PreviewData.swift */,
			);
			path = "Preview Content";
			sourceTree = "<group>";
		};
		470688E12A041302003677BA /* ExpenseTrackerTests */ = {
			isa = PBXGroup;
			children = (
				470688E22A041302003677BA /* ExpenseTrackerTests.swift */,
			);
			path = ExpenseTrackerTests;
			sourceTree = "<group>";
		};
		470688EB2A041302003677BA /* ExpenseTrackerUITests */ = {
			isa = PBXGroup;
			children = (
				470688EC2A041302003677BA /* ExpenseTrackerUITests.swift */,
				470688EE2A041302003677BA /* ExpenseTrackerUITestsLaunchTests.swift */,
			);
			path = ExpenseTrackerUITests;
			sourceTree = "<group>";
		};
/* End PBXGroup section */

/* Begin PBXNativeTarget section */
		470688CD2A0412FF003677BA /* ExpenseTracker */ = {
			isa = PBXNativeTarget;
			buildConfigurationList = 470688F22A041302003677BA /* Build configuration list for PBXNativeTarget "ExpenseTracker" */;
			buildPhases = (
				470688CA2A0412FF003677BA /* Sources */,
				470688CB2A0412FF003677BA /* Frameworks */,
				470688CC2A0412FF003677BA /* Resources */,
			);
			buildRules = (
			);
			dependencies = (
			);
			name = ExpenseTracker;
			packageProductDependencies = (
				47C190852A0A51E50057D180 /* SwiftUIFontIcon */,
			);
			productName = ExpenseTracker;
			productReference = 470688CE2A0412FF003677BA /* ExpenseTracker.app */;
			productType = "com.apple.product-type.application";
		};
		470688DD2A041302003677BA /* ExpenseTrackerTests */ = {
			isa = PBXNativeTarget;
			buildConfigurationList = 470688F52A041302003677BA /* Build configuration list for PBXNativeTarget "ExpenseTrackerTests" */;
			buildPhases = (
				470688DA2A041302003677BA /* Sources */,
				470688DB2A041302003677BA /* Frameworks */,
				470688DC2A041302003677BA /* Resources */,
			);
			buildRules = (
			);
			dependencies = (
				470688E02A041302003677BA /* PBXTargetDependency */,
			);
			name = ExpenseTrackerTests;
			productName = ExpenseTrackerTests;
			productReference = 470688DE2A041302003677BA /* ExpenseTrackerTests.xctest */;
			productType = "com.apple.product-type.bundle.unit-test";
		};
		470688E72A041302003677BA /* ExpenseTrackerUITests */ = {
			isa = PBXNativeTarget;
			buildConfigurationList = 470688F82A041302003677BA /* Build configuration list for PBXNativeTarget "ExpenseTrackerUITests" */;
			buildPhases = (
				470688E42A041302003677BA /* Sources */,
				470688E52A041302003677BA /* Frameworks */,
				470688E62A041302003677BA /* Resources */,
			);
			buildRules = (
			);
			dependencies = (
				470688EA2A041302003677BA /* PBXTargetDependency */,
			);
			name = ExpenseTrackerUITests;
			productName = ExpenseTrackerUITests;
			productReference = 470688E82A041302003677BA /* ExpenseTrackerUITests.xctest */;
			productType = "com.apple.product-type.bundle.ui-testing";
		};
/* End PBXNativeTarget section */

/* Begin PBXProject section */
		470688C62A0412FF003677BA /* Project object */ = {
			isa = PBXProject;
			attributes = {
				BuildIndependentTargetsInParallel = 1;
				LastSwiftUpdateCheck = 1430;
				LastUpgradeCheck = 1430;
				TargetAttributes = {
					470688CD2A0412FF003677BA = {
						CreatedOnToolsVersion = 14.3;
					};
					470688DD2A041302003677BA = {
						CreatedOnToolsVersion = 14.3;
						TestTargetID = 470688CD2A0412FF003677BA;
					};
					470688E72A041302003677BA = {
						CreatedOnToolsVersion = 14.3;
						TestTargetID = 470688CD2A0412FF003677BA;
					};
				};
			};
			buildConfigurationList = 470688C92A0412FF003677BA /* Build configuration list for PBXProject "ExpenseTracker" */;
			compatibilityVersion = "Xcode 14.0";
			developmentRegion = en;
			hasScannedForEncodings = 0;
			knownRegions = (
				en,
				Base,
			);
			mainGroup = 470688C52A0412FF003677BA;
			packageReferences = (
				47C190842A0A51E50057D180 /* XCRemoteSwiftPackageReference "SwiftUIFontIcon" */,
			);
			productRefGroup = 470688CF2A0412FF003677BA /* Products */;
			projectDirPath = "";
			projectRoot = "";
			targets = (
				470688CD2A0412FF003677BA /* ExpenseTracker */,
				470688DD2A041302003677BA /* ExpenseTrackerTests */,
				470688E72A041302003677BA /* ExpenseTrackerUITests */,
			);
		};
/* End PBXProject section */

/* Begin PBXResourcesBuildPhase section */
		470688CC2A0412FF003677BA /* Resources */ = {
			isa = PBXResourcesBuildPhase;
			buildActionMask = 2147483647;
			files = (
				470688D92A041302003677BA /* Preview Assets.xcassets in Resources */,
				470688D62A041302003677BA /* Assets.xcassets in Resources */,
			);
			runOnlyForDeploymentPostprocessing = 0;
		};
		470688DC2A041302003677BA /* Resources */ = {
			isa = PBXResourcesBuildPhase;
			buildActionMask = 2147483647;
			files = (
			);
			runOnlyForDeploymentPostprocessing = 0;
		};
		470688E62A041302003677BA /* Resources */ = {
			isa = PBXResourcesBuildPhase;
			buildActionMask = 2147483647;
			files = (
			);
			runOnlyForDeploymentPostprocessing = 0;
		};
/* End PBXResourcesBuildPhase section */

/* Begin PBXSourcesBuildPhase section */
		470688CA2A0412FF003677BA /* Sources */ = {
			isa = PBXSourcesBuildPhase;
			buildActionMask = 2147483647;
			files = (
				473405352A06BC140063B69C /* PreviewData.swift in Sources */,
				47C1908A2A0AB2C90057D180 /* RecentTransactionList.swift in Sources */,
				473405332A06BADB0063B69C /* TransactionModel.swift in Sources */,
				470688D42A0412FF003677BA /* ContentView.swift in Sources */,
				473405372A06BCAF0063B69C /* TransactionRow.swift in Sources */,
				470688FC2A041C76003677BA /* Extensions.swift in Sources */,
				47C190882A0A5BA20057D180 /* TransactionListViewModel.swift in Sources */,
				470688D22A0412FF003677BA /* ExpenseTrackerApp.swift in Sources */,
			);
			runOnlyForDeploymentPostprocessing = 0;
		};
		470688DA2A041302003677BA /* Sources */ = {
			isa = PBXSourcesBuildPhase;
			buildActionMask = 2147483647;
			files = (
				470688E32A041302003677BA /* ExpenseTrackerTests.swift in Sources */,
			);
			runOnlyForDeploymentPostprocessing = 0;
		};
		470688E42A041302003677BA /* Sources */ = {
			isa = PBXSourcesBuildPhase;
			buildActionMask = 2147483647;
			files = (
				470688EF2A041302003677BA /* ExpenseTrackerUITestsLaunchTests.swift in Sources */,
				470688ED2A041302003677BA /* ExpenseTrackerUITests.swift in Sources */,
			);
			runOnlyForDeploymentPostprocessing = 0;
		};
/* End PBXSourcesBuildPhase section */

/* Begin PBXTargetDependency section */
		470688E02A041302003677BA /* PBXTargetDependency */ = {
			isa = PBXTargetDependency;
			target = 470688CD2A0412FF003677BA /* ExpenseTracker */;
			targetProxy = 470688DF2A041302003677BA /* PBXContainerItemProxy */;
		};
		470688EA2A041302003677BA /* PBXTargetDependency */ = {
			isa = PBXTargetDependency;
			target = 470688CD2A0412FF003677BA /* ExpenseTracker */;
			targetProxy = 470688E92A041302003677BA /* PBXContainerItemProxy */;
		};
/* End PBXTargetDependency section */

/* Begin XCBuildConfiguration section */
		470688F02A041302003677BA /* Debug */ = {
			isa = XCBuildConfiguration;
			buildSettings = {
				ALWAYS_SEARCH_USER_PATHS = NO;
				CLANG_ANALYZER_NONNULL = YES;
				CLANG_ANALYZER_NUMBER_OBJECT_CONVERSION = YES_AGGRESSIVE;
				CLANG_CXX_LANGUAGE_STANDARD = "gnu++20";
				CLANG_ENABLE_MODULES = YES;
				CLANG_ENABLE_OBJC_ARC = YES;
				CLANG_ENABLE_OBJC_WEAK = YES;
				CLANG_WARN_BLOCK_CAPTURE_AUTORELEASING = YES;
				CLANG_WARN_BOOL_CONVERSION = YES;
				CLANG_WARN_COMMA = YES;
				CLANG_WARN_CONSTANT_CONVERSION = YES;
				CLANG_WARN_DEPRECATED_OBJC_IMPLEMENTATIONS = YES;
				CLANG_WARN_DIRECT_OBJC_ISA_USAGE = YES_ERROR;
				CLANG_WARN_DOCUMENTATION_COMMENTS = YES;
				CLANG_WARN_EMPTY_BODY = YES;
				CLANG_WARN_ENUM_CONVERSION = YES;
				CLANG_WARN_INFINITE_RECURSION = YES;
				CLANG_WARN_INT_CONVERSION = YES;
				CLANG_WARN_NON_LITERAL_NULL_CONVERSION = YES;
				CLANG_WARN_OBJC_IMPLICIT_RETAIN_SELF = YES;
				CLANG_WARN_OBJC_LITERAL_CONVERSION = YES;
				CLANG_WARN_OBJC_ROOT_CLASS = YES_ERROR;
				CLANG_WARN_QUOTED_INCLUDE_IN_FRAMEWORK_HEADER = YES;
				CLANG_WARN_RANGE_LOOP_ANALYSIS = YES;
				CLANG_WARN_STRICT_PROTOTYPES = YES;
				CLANG_WARN_SUSPICIOUS_MOVE = YES;
				CLANG_WARN_UNGUARDED_AVAILABILITY = YES_AGGRESSIVE;
				CLANG_WARN_UNREACHABLE_CODE = YES;
				CLANG_WARN__DUPLICATE_METHOD_MATCH = YES;
				COPY_PHASE_STRIP = NO;
				DEBUG_INFORMATION_FORMAT = dwarf;
				ENABLE_STRICT_OBJC_MSGSEND = YES;
				ENABLE_TESTABILITY = YES;
				GCC_C_LANGUAGE_STANDARD = gnu11;
				GCC_DYNAMIC_NO_PIC = NO;
				GCC_NO_COMMON_BLOCKS = YES;
				GCC_OPTIMIZATION_LEVEL = 0;
				GCC_PREPROCESSOR_DEFINITIONS = (
					"DEBUG=1",
					"$(inherited)",
				);
				GCC_WARN_64_TO_32_BIT_CONVERSION = YES;
				GCC_WARN_ABOUT_RETURN_TYPE = YES_ERROR;
				GCC_WARN_UNDECLARED_SELECTOR = YES;
				GCC_WARN_UNINITIALIZED_AUTOS = YES_AGGRESSIVE;
				GCC_WARN_UNUSED_FUNCTION = YES;
				GCC_WARN_UNUSED_VARIABLE = YES;
				IPHONEOS_DEPLOYMENT_TARGET = 16.4;
				MTL_ENABLE_DEBUG_INFO = INCLUDE_SOURCE;
				MTL_FAST_MATH = YES;
				ONLY_ACTIVE_ARCH = YES;
				SDKROOT = iphoneos;
				SWIFT_ACTIVE_COMPILATION_CONDITIONS = DEBUG;
				SWIFT_OPTIMIZATION_LEVEL = "-Onone";
			};
			name = Debug;
		};
		470688F12A041302003677BA /* Release */ = {
			isa = XCBuildConfiguration;
			buildSettings = {
				ALWAYS_SEARCH_USER_PATHS = NO;
				CLANG_ANALYZER_NONNULL = YES;
				CLANG_ANALYZER_NUMBER_OBJECT_CONVERSION = YES_AGGRESSIVE;
				CLANG_CXX_LANGUAGE_STANDARD = "gnu++20";
				CLANG_ENABLE_MODULES = YES;
				CLANG_ENABLE_OBJC_ARC = YES;
				CLANG_ENABLE_OBJC_WEAK = YES;
				CLANG_WARN_BLOCK_CAPTURE_AUTORELEASING = YES;
				CLANG_WARN_BOOL_CONVERSION = YES;
				CLANG_WARN_COMMA = YES;
				CLANG_WARN_CONSTANT_CONVERSION = YES;
				CLANG_WARN_DEPRECATED_OBJC_IMPLEMENTATIONS = YES;
				CLANG_WARN_DIRECT_OBJC_ISA_USAGE = YES_ERROR;
				CLANG_WARN_DOCUMENTATION_COMMENTS = YES;
				CLANG_WARN_EMPTY_BODY = YES;
				CLANG_WARN_ENUM_CONVERSION = YES;
				CLANG_WARN_INFINITE_RECURSION = YES;
				CLANG_WARN_INT_CONVERSION = YES;
				CLANG_WARN_NON_LITERAL_NULL_CONVERSION = YES;
				CLANG_WARN_OBJC_IMPLICIT_RETAIN_SELF = YES;
				CLANG_WARN_OBJC_LITERAL_CONVERSION = YES;
				CLANG_WARN_OBJC_ROOT_CLASS = YES_ERROR;
				CLANG_WARN_QUOTED_INCLUDE_IN_FRAMEWORK_HEADER = YES;
				CLANG_WARN_RANGE_LOOP_ANALYSIS = YES;
				CLANG_WARN_STRICT_PROTOTYPES = YES;
				CLANG_WARN_SUSPICIOUS_MOVE = YES;
				CLANG_WARN_UNGUARDED_AVAILABILITY = YES_AGGRESSIVE;
				CLANG_WARN_UNREACHABLE_CODE = YES;
				CLANG_WARN__DUPLICATE_METHOD_MATCH = YES;
				COPY_PHASE_STRIP = NO;
				DEBUG_INFORMATION_FORMAT = "dwarf-with-dsym";
				ENABLE_NS_ASSERTIONS = NO;
				ENABLE_STRICT_OBJC_MSGSEND = YES;
				GCC_C_LANGUAGE_STANDARD = gnu11;
				GCC_NO_COMMON_BLOCKS = YES;
				GCC_WARN_64_TO_32_BIT_CONVERSION = YES;
				GCC_WARN_ABOUT_RETURN_TYPE = YES_ERROR;
				GCC_WARN_UNDECLARED_SELECTOR = YES;
				GCC_WARN_UNINITIALIZED_AUTOS = YES_AGGRESSIVE;
				GCC_WARN_UNUSED_FUNCTION = YES;
				GCC_WARN_UNUSED_VARIABLE = YES;
				IPHONEOS_DEPLOYMENT_TARGET = 16.4;
				MTL_ENABLE_DEBUG_INFO = NO;
				MTL_FAST_MATH = YES;
				SDKROOT = iphoneos;
				SWIFT_COMPILATION_MODE = wholemodule;
				SWIFT_OPTIMIZATION_LEVEL = "-O";
				VALIDATE_PRODUCT = YES;
			};
			name = Release;
		};
		470688F32A041302003677BA /* Debug */ = {
			isa = XCBuildConfiguration;
			buildSettings = {
				ASSETCATALOG_COMPILER_APPICON_NAME = AppIcon;
				ASSETCATALOG_COMPILER_GLOBAL_ACCENT_COLOR_NAME = AccentColor;
				CODE_SIGN_STYLE = Automatic;
				CURRENT_PROJECT_VERSION = 1;
				DEVELOPMENT_ASSET_PATHS = "\"ExpenseTracker/Preview Content\"";
				DEVELOPMENT_TEAM = 4A7SP49YPD;
				ENABLE_PREVIEWS = YES;
				GENERATE_INFOPLIST_FILE = YES;
				INFOPLIST_KEY_UIApplicationSceneManifest_Generation = YES;
				INFOPLIST_KEY_UIApplicationSupportsIndirectInputEvents = YES;
				INFOPLIST_KEY_UILaunchScreen_Generation = YES;
				INFOPLIST_KEY_UISupportedInterfaceOrientations_iPad = "UIInterfaceOrientationPortrait UIInterfaceOrientationPortraitUpsideDown UIInterfaceOrientationLandscapeLeft UIInterfaceOrientationLandscapeRight";
				INFOPLIST_KEY_UISupportedInterfaceOrientations_iPhone = "UIInterfaceOrientationPortrait UIInterfaceOrientationLandscapeLeft UIInterfaceOrientationLandscapeRight";
				LD_RUNPATH_SEARCH_PATHS = (
					"$(inherited)",
					"@executable_path/Frameworks",
				);
				MARKETING_VERSION = 1.0;
				PRODUCT_BUNDLE_IDENTIFIER = RDY6A737H2.ExpenseTracker;
				PRODUCT_NAME = "$(TARGET_NAME)";
				SWIFT_EMIT_LOC_STRINGS = YES;
				SWIFT_VERSION = 5.0;
				TARGETED_DEVICE_FAMILY = "1,2";
			};
			name = Debug;
		};
		470688F42A041302003677BA /* Release */ = {
			isa = XCBuildConfiguration;
			buildSettings = {
				ASSETCATALOG_COMPILER_APPICON_NAME = AppIcon;
				ASSETCATALOG_COMPILER_GLOBAL_ACCENT_COLOR_NAME = AccentColor;
				CODE_SIGN_STYLE = Automatic;
				CURRENT_PROJECT_VERSION = 1;
				DEVELOPMENT_ASSET_PATHS = "\"ExpenseTracker/Preview Content\"";
				DEVELOPMENT_TEAM = 4A7SP49YPD;
				ENABLE_PREVIEWS = YES;
				GENERATE_INFOPLIST_FILE = YES;
				INFOPLIST_KEY_UIApplicationSceneManifest_Generation = YES;
				INFOPLIST_KEY_UIApplicationSupportsIndirectInputEvents = YES;
				INFOPLIST_KEY_UILaunchScreen_Generation = YES;
				INFOPLIST_KEY_UISupportedInterfaceOrientations_iPad = "UIInterfaceOrientationPortrait UIInterfaceOrientationPortraitUpsideDown UIInterfaceOrientationLandscapeLeft UIInterfaceOrientationLandscapeRight";
				INFOPLIST_KEY_UISupportedInterfaceOrientations_iPhone = "UIInterfaceOrientationPortrait UIInterfaceOrientationLandscapeLeft UIInterfaceOrientationLandscapeRight";
				LD_RUNPATH_SEARCH_PATHS = (
					"$(inherited)",
					"@executable_path/Frameworks",
				);
				MARKETING_VERSION = 1.0;
				PRODUCT_BUNDLE_IDENTIFIER = RDY6A737H2.ExpenseTracker;
				PRODUCT_NAME = "$(TARGET_NAME)";
				SWIFT_EMIT_LOC_STRINGS = YES;
				SWIFT_VERSION = 5.0;
				TARGETED_DEVICE_FAMILY = "1,2";
			};
			name = Release;
		};
		470688F62A041302003677BA /* Debug */ = {
			isa = XCBuildConfiguration;
			buildSettings = {
				ALWAYS_EMBED_SWIFT_STANDARD_LIBRARIES = YES;
				BUNDLE_LOADER = "$(TEST_HOST)";
				CODE_SIGN_STYLE = Automatic;
				CURRENT_PROJECT_VERSION = 1;
				DEVELOPMENT_TEAM = 4A7SP49YPD;
				GENERATE_INFOPLIST_FILE = YES;
				IPHONEOS_DEPLOYMENT_TARGET = 16.4;
				MARKETING_VERSION = 1.0;
				PRODUCT_BUNDLE_IDENTIFIER = RDY6A737H2.ExpenseTrackerTests;
				PRODUCT_NAME = "$(TARGET_NAME)";
				SWIFT_EMIT_LOC_STRINGS = NO;
				SWIFT_VERSION = 5.0;
				TARGETED_DEVICE_FAMILY = "1,2";
				TEST_HOST = "$(BUILT_PRODUCTS_DIR)/ExpenseTracker.app/$(BUNDLE_EXECUTABLE_FOLDER_PATH)/ExpenseTracker";
			};
			name = Debug;
		};
		470688F72A041302003677BA /* Release */ = {
			isa = XCBuildConfiguration;
			buildSettings = {
				ALWAYS_EMBED_SWIFT_STANDARD_LIBRARIES = YES;
				BUNDLE_LOADER = "$(TEST_HOST)";
				CODE_SIGN_STYLE = Automatic;
				CURRENT_PROJECT_VERSION = 1;
				DEVELOPMENT_TEAM = 4A7SP49YPD;
				GENERATE_INFOPLIST_FILE = YES;
				IPHONEOS_DEPLOYMENT_TARGET = 16.4;
				MARKETING_VERSION = 1.0;
				PRODUCT_BUNDLE_IDENTIFIER = RDY6A737H2.ExpenseTrackerTests;
				PRODUCT_NAME = "$(TARGET_NAME)";
				SWIFT_EMIT_LOC_STRINGS = NO;
				SWIFT_VERSION = 5.0;
				TARGETED_DEVICE_FAMILY = "1,2";
				TEST_HOST = "$(BUILT_PRODUCTS_DIR)/ExpenseTracker.app/$(BUNDLE_EXECUTABLE_FOLDER_PATH)/ExpenseTracker";
			};
			name = Release;
		};
		470688F92A041302003677BA /* Debug */ = {
			isa = XCBuildConfiguration;
			buildSettings = {
				ALWAYS_EMBED_SWIFT_STANDARD_LIBRARIES = YES;
				CODE_SIGN_STYLE = Automatic;
				CURRENT_PROJECT_VERSION = 1;
				DEVELOPMENT_TEAM = 4A7SP49YPD;
				GENERATE_INFOPLIST_FILE = YES;
				MARKETING_VERSION = 1.0;
				PRODUCT_BUNDLE_IDENTIFIER = RDY6A737H2.ExpenseTrackerUITests;
				PRODUCT_NAME = "$(TARGET_NAME)";
				SWIFT_EMIT_LOC_STRINGS = NO;
				SWIFT_VERSION = 5.0;
				TARGETED_DEVICE_FAMILY = "1,2";
				TEST_TARGET_NAME = ExpenseTracker;
			};
			name = Debug;
		};
		470688FA2A041302003677BA /* Release */ = {
			isa = XCBuildConfiguration;
			buildSettings = {
				ALWAYS_EMBED_SWIFT_STANDARD_LIBRARIES = YES;
				CODE_SIGN_STYLE = Automatic;
				CURRENT_PROJECT_VERSION = 1;
				DEVELOPMENT_TEAM = 4A7SP49YPD;
				GENERATE_INFOPLIST_FILE = YES;
				MARKETING_VERSION = 1.0;
				PRODUCT_BUNDLE_IDENTIFIER = RDY6A737H2.ExpenseTrackerUITests;
				PRODUCT_NAME = "$(TARGET_NAME)";
				SWIFT_EMIT_LOC_STRINGS = NO;
				SWIFT_VERSION = 5.0;
				TARGETED_DEVICE_FAMILY = "1,2";
				TEST_TARGET_NAME = ExpenseTracker;
			};
			name = Release;
		};
/* End XCBuildConfiguration section */

/* Begin XCConfigurationList section */
		470688C92A0412FF003677BA /* Build configuration list for PBXProject "ExpenseTracker" */ = {
			isa = XCConfigurationList;
			buildConfigurations = (
				470688F02A041302003677BA /* Debug */,
				470688F12A041302003677BA /* Release */,
			);
			defaultConfigurationIsVisible = 0;
			defaultConfigurationName = Release;
		};
		470688F22A041302003677BA /* Build configuration list for PBXNativeTarget "ExpenseTracker" */ = {
			isa = XCConfigurationList;
			buildConfigurations = (
				470688F32A041302003677BA /* Debug */,
				470688F42A041302003677BA /* Release */,
			);
			defaultConfigurationIsVisible = 0;
			defaultConfigurationName = Release;
		};
		470688F52A041302003677BA /* Build configuration list for PBXNativeTarget "ExpenseTrackerTests" */ = {
			isa = XCConfigurationList;
			buildConfigurations = (
				470688F62A041302003677BA /* Debug */,
				470688F72A041302003677BA /* Release */,
			);
			defaultConfigurationIsVisible = 0;
			defaultConfigurationName = Release;
		};
		470688F82A041302003677BA /* Build configuration list for PBXNativeTarget "ExpenseTrackerUITests" */ = {
			isa = XCConfigurationList;
			buildConfigurations = (
				470688F92A041302003677BA /* Debug */,
				470688FA2A041302003677BA /* Release */,
			);
			defaultConfigurationIsVisible = 0;
			defaultConfigurationName = Release;
		};
/* End XCConfigurationList section */

/* Begin XCRemoteSwiftPackageReference section */
		47C190842A0A51E50057D180 /* XCRemoteSwiftPackageReference "SwiftUIFontIcon" */ = {
			isa = XCRemoteSwiftPackageReference;
			repositoryURL = "https://github.com/huybuidac/SwiftUIFontIcon";
			requirement = {
				branch = master;
				kind = branch;
			};
		};
/* End XCRemoteSwiftPackageReference section */

/* Begin XCSwiftPackageProductDependency section */
		47C190852A0A51E50057D180 /* SwiftUIFontIcon */ = {
			isa = XCSwiftPackageProductDependency;
			package = 47C190842A0A51E50057D180 /* XCRemoteSwiftPackageReference "SwiftUIFontIcon" */;
			productName = SwiftUIFontIcon;
		};
/* End XCSwiftPackageProductDependency section */
	};
	rootObject = 470688C62A0412FF003677BA /* Project object */;
}
